
Microsoft Visual Studio Solution File, Format Version 12.00
# Visual Studio Version 17
VisualStudioVersion = 17.1.32421.90
MinimumVisualStudioVersion = 10.0.40219.1
Project("{FAE04EC0-301F-11D3-BF4B-00C04F79EFBC}") = "ChequePrinter.Services", "ChequePrinter.Services\ChequePrinter.Services.csproj", "{6B2966F3-A466-48B3-8DA5-02C09686C751}"
EndProject
Global
	GlobalSection(SolutionConfigurationPlatforms) = preSolution
		Debug|Any CPU = Debug|Any CPU
		Release|Any CPU = Release|Any CPU
	EndGlobalSection
	GlobalSection(ProjectConfigurationPlatforms) = postSolution
		{6B2966F3-A466-48B3-8DA5-02C09686C751}.Debug|Any CPU.ActiveCfg = Debug|Any CPU
		{6B2966F3-A466-48B3-8DA5-02C09686C751}.Debug|Any CPU.Build.0 = Debug|Any CPU
		{6B2966F3-A466-48B3-8DA5-02C09686C751}.Release|Any CPU.ActiveCfg = Release|Any CPU
		{6B2966F3-A466-48B3-8DA5-02C09686C751}.Release|Any CPU.Build.0 = Release|Any CPU
	EndGlobalSection
	GlobalSection(SolutionProperties) = preSolution
		HideSolutionNode = FALSE
	EndGlobalSection
	GlobalSection(ExtensibilityGlobals) = postSolution
		SolutionGuid = {41AA92E6-44D6-4B85-9512-AADE95660CE7}
	EndGlobalSection
EndGlobal
